
Microsoft Visual Studio Solution File, Format Version 12.00
# Visual Studio Version 17
VisualStudioVersion = 17.14.36221.1
MinimumVisualStudioVersion = 10.0.40219.1
Project("{FAE04EC0-301F-11D3-BF4B-00C04F79EFBC}") = "MovieApi", "MovieApi.csproj", "{B6811846-4FC0-4843-A0A2-6C46501980F3}"
EndProject
Project("{FAE04EC0-301F-11D3-BF4B-00C04F79EFBC}") = "Movie.Core", "Movie.Core\Movie.Core.csproj", "{DCF20D35-9586-E474-AACA-1420874C6C53}"
EndProject
Project("{FAE04EC0-301F-11D3-BF4B-00C04F79EFBC}") = "Movie.Data", "Movie.Data\Movie.Data.csproj", "{8ED553D6-D1B9-75C2-27F4-1C31212FF66C}"
EndProject
Project("{FAE04EC0-301F-11D3-BF4B-00C04F79EFBC}") = "Movie.Services", "Movie.Services\Movie.Services.csproj", "{30DF264B-25CE-7DA1-61E2-0BA6BDD9A2C5}"
EndProject
Project("{FAE04EC0-301F-11D3-BF4B-00C04F79EFBC}") = "Movie.Contracts", "Movie.Contracts\Movie.Contracts.csproj", "{89BA044C-DBE1-3E3D-3991-8BB054F528E4}"
EndProject
Global
	GlobalSection(SolutionConfigurationPlatforms) = preSolution
		Debug|Any CPU = Debug|Any CPU
		Debug|x64 = Debug|x64
		Debug|x86 = Debug|x86
		Release|Any CPU = Release|Any CPU
		Release|x64 = Release|x64
		Release|x86 = Release|x86
	EndGlobalSection
	GlobalSection(ProjectConfigurationPlatforms) = postSolution
		{B6811846-4FC0-4843-A0A2-6C46501980F3}.Debug|Any CPU.ActiveCfg = Debug|Any CPU
		{B6811846-4FC0-4843-A0A2-6C46501980F3}.Debug|Any CPU.Build.0 = Debug|Any CPU
		{B6811846-4FC0-4843-A0A2-6C46501980F3}.Debug|x64.ActiveCfg = Debug|Any CPU
		{B6811846-4FC0-4843-A0A2-6C46501980F3}.Debug|x64.Build.0 = Debug|Any CPU
		{B6811846-4FC0-4843-A0A2-6C46501980F3}.Debug|x86.ActiveCfg = Debug|Any CPU
		{B6811846-4FC0-4843-A0A2-6C46501980F3}.Debug|x86.Build.0 = Debug|Any CPU
		{B6811846-4FC0-4843-A0A2-6C46501980F3}.Release|Any CPU.ActiveCfg = Release|Any CPU
		{B6811846-4FC0-4843-A0A2-6C46501980F3}.Release|Any CPU.Build.0 = Release|Any CPU
		{B6811846-4FC0-4843-A0A2-6C46501980F3}.Release|x64.ActiveCfg = Release|Any CPU
		{B6811846-4FC0-4843-A0A2-6C46501980F3}.Release|x64.Build.0 = Release|Any CPU
		{B6811846-4FC0-4843-A0A2-6C46501980F3}.Release|x86.ActiveCfg = Release|Any CPU
		{B6811846-4FC0-4843-A0A2-6C46501980F3}.Release|x86.Build.0 = Release|Any CPU
		{DCF20D35-9586-E474-AACA-1420874C6C53}.Debug|Any CPU.ActiveCfg = Debug|Any CPU
		{DCF20D35-9586-E474-AACA-1420874C6C53}.Debug|Any CPU.Build.0 = Debug|Any CPU
		{DCF20D35-9586-E474-AACA-1420874C6C53}.Debug|x64.ActiveCfg = Debug|Any CPU
		{DCF20D35-9586-E474-AACA-1420874C6C53}.Debug|x64.Build.0 = Debug|Any CPU
		{DCF20D35-9586-E474-AACA-1420874C6C53}.Debug|x86.ActiveCfg = Debug|Any CPU
		{DCF20D35-9586-E474-AACA-1420874C6C53}.Debug|x86.Build.0 = Debug|Any CPU
		{DCF20D35-9586-E474-AACA-1420874C6C53}.Release|Any CPU.ActiveCfg = Release|Any CPU
		{DCF20D35-9586-E474-AACA-1420874C6C53}.Release|Any CPU.Build.0 = Release|Any CPU
		{DCF20D35-9586-E474-AACA-1420874C6C53}.Release|x64.ActiveCfg = Release|Any CPU
		{DCF20D35-9586-E474-AACA-1420874C6C53}.Release|x64.Build.0 = Release|Any CPU
		{DCF20D35-9586-E474-AACA-1420874C6C53}.Release|x86.ActiveCfg = Release|Any CPU
		{DCF20D35-9586-E474-AACA-1420874C6C53}.Release|x86.Build.0 = Release|Any CPU
		{8ED553D6-D1B9-75C2-27F4-1C31212FF66C}.Debug|Any CPU.ActiveCfg = Debug|Any CPU
		{8ED553D6-D1B9-75C2-27F4-1C31212FF66C}.Debug|Any CPU.Build.0 = Debug|Any CPU
		{8ED553D6-D1B9-75C2-27F4-1C31212FF66C}.Debug|x64.ActiveCfg = Debug|Any CPU
		{8ED553D6-D1B9-75C2-27F4-1C31212FF66C}.Debug|x64.Build.0 = Debug|Any CPU
		{8ED553D6-D1B9-75C2-27F4-1C31212FF66C}.Debug|x86.ActiveCfg = Debug|Any CPU
		{8ED553D6-D1B9-75C2-27F4-1C31212FF66C}.Debug|x86.Build.0 = Debug|Any CPU
		{8ED553D6-D1B9-75C2-27F4-1C31212FF66C}.Release|Any CPU.ActiveCfg = Release|Any CPU
		{8ED553D6-D1B9-75C2-27F4-1C31212FF66C}.Release|Any CPU.Build.0 = Release|Any CPU
		{8ED553D6-D1B9-75C2-27F4-1C31212FF66C}.Release|x64.ActiveCfg = Release|Any CPU
		{8ED553D6-D1B9-75C2-27F4-1C31212FF66C}.Release|x64.Build.0 = Release|Any CPU
		{8ED553D6-D1B9-75C2-27F4-1C31212FF66C}.Release|x86.ActiveCfg = Release|Any CPU
		{8ED553D6-D1B9-75C2-27F4-1C31212FF66C}.Release|x86.Build.0 = Release|Any CPU
		{30DF264B-25CE-7DA1-61E2-0BA6BDD9A2C5}.Debug|Any CPU.ActiveCfg = Debug|Any CPU
		{30DF264B-25CE-7DA1-61E2-0BA6BDD9A2C5}.Debug|Any CPU.Build.0 = Debug|Any CPU
		{30DF264B-25CE-7DA1-61E2-0BA6BDD9A2C5}.Debug|x64.ActiveCfg = Debug|Any CPU
		{30DF264B-25CE-7DA1-61E2-0BA6BDD9A2C5}.Debug|x64.Build.0 = Debug|Any CPU
		{30DF264B-25CE-7DA1-61E2-0BA6BDD9A2C5}.Debug|x86.ActiveCfg = Debug|Any CPU
		{30DF264B-25CE-7DA1-61E2-0BA6BDD9A2C5}.Debug|x86.Build.0 = Debug|Any CPU
		{30DF264B-25CE-7DA1-61E2-0BA6BDD9A2C5}.Release|Any CPU.ActiveCfg = Release|Any CPU
		{30DF264B-25CE-7DA1-61E2-0BA6BDD9A2C5}.Release|Any CPU.Build.0 = Release|Any CPU
		{30DF264B-25CE-7DA1-61E2-0BA6BDD9A2C5}.Release|x64.ActiveCfg = Release|Any CPU
		{30DF264B-25CE-7DA1-61E2-0BA6BDD9A2C5}.Release|x64.Build.0 = Release|Any CPU
		{30DF264B-25CE-7DA1-61E2-0BA6BDD9A2C5}.Release|x86.ActiveCfg = Release|Any CPU
		{30DF264B-25CE-7DA1-61E2-0BA6BDD9A2C5}.Release|x86.Build.0 = Release|Any CPU
		{89BA044C-DBE1-3E3D-3991-8BB054F528E4}.Debug|Any CPU.ActiveCfg = Debug|Any CPU
		{89BA044C-DBE1-3E3D-3991-8BB054F528E4}.Debug|Any CPU.Build.0 = Debug|Any CPU
		{89BA044C-DBE1-3E3D-3991-8BB054F528E4}.Debug|x64.ActiveCfg = Debug|Any CPU
		{89BA044C-DBE1-3E3D-3991-8BB054F528E4}.Debug|x64.Build.0 = Debug|Any CPU
		{89BA044C-DBE1-3E3D-3991-8BB054F528E4}.Debug|x86.ActiveCfg = Debug|Any CPU
		{89BA044C-DBE1-3E3D-3991-8BB054F528E4}.Debug|x86.Build.0 = Debug|Any CPU
		{89BA044C-DBE1-3E3D-3991-8BB054F528E4}.Release|Any CPU.ActiveCfg = Release|Any CPU
		{89BA044C-DBE1-3E3D-3991-8BB054F528E4}.Release|Any CPU.Build.0 = Release|Any CPU
		{89BA044C-DBE1-3E3D-3991-8BB054F528E4}.Release|x64.ActiveCfg = Release|Any CPU
		{89BA044C-DBE1-3E3D-3991-8BB054F528E4}.Release|x64.Build.0 = Release|Any CPU
		{89BA044C-DBE1-3E3D-3991-8BB054F528E4}.Release|x86.ActiveCfg = Release|Any CPU
		{89BA044C-DBE1-3E3D-3991-8BB054F528E4}.Release|x86.Build.0 = Release|Any CPU
	EndGlobalSection
	GlobalSection(SolutionProperties) = preSolution
		HideSolutionNode = FALSE
	EndGlobalSection
	GlobalSection(ExtensibilityGlobals) = postSolution
		SolutionGuid = {A4FA4A45-6A9D-4DD7-BF6C-35A27B30E29E}
	EndGlobalSection
EndGlobal
